
Microsoft Visual Studio Solution File, Format Version 12.00
# Visual Studio Version 16
VisualStudioVersion = 16.0.32802.440
MinimumVisualStudioVersion = 10.0.40219.1
Project("{9A19103F-16F7-4668-BE54-9A1E7A4F7556}") = "Alpha.ApiGateway", "Alpha.ApiGateway\Alpha.ApiGateway.csproj", "{9327BBB2-61AD-44A9-954F-2F9D6A2F86BF}"
EndProject
Project("{9A19103F-16F7-4668-BE54-9A1E7A4F7556}") = "Alpha.Common", "Alpha.Common\Alpha.Common.csproj", "{E1C1A0D7-6EF4-4797-9C65-C75BEB4C0B2C}"
EndProject
Project("{2150E333-8FDC-42A3-9474-1A3956D46DE8}") = "Dockerfiles", "Dockerfiles", "{600E2275-C773-4CA5-8211-E763AE766E40}"
	ProjectSection(SolutionItems) = preProject
		api-gateway-service.yaml = api-gateway-service.yaml
		apigateway-deployment.yaml = apigateway-deployment.yaml
		Dockerfile = Dockerfile
	EndProjectSection
EndProject
Global
	GlobalSection(SolutionConfigurationPlatforms) = preSolution
		Debug|Any CPU = Debug|Any CPU
		Release|Any CPU = Release|Any CPU
	EndGlobalSection
	GlobalSection(ProjectConfigurationPlatforms) = postSolution
		{9327BBB2-61AD-44A9-954F-2F9D6A2F86BF}.Debug|Any CPU.ActiveCfg = Debug|Any CPU
		{9327BBB2-61AD-44A9-954F-2F9D6A2F86BF}.Debug|Any CPU.Build.0 = Debug|Any CPU
		{9327BBB2-61AD-44A9-954F-2F9D6A2F86BF}.Release|Any CPU.ActiveCfg = Release|Any CPU
		{9327BBB2-61AD-44A9-954F-2F9D6A2F86BF}.Release|Any CPU.Build.0 = Release|Any CPU
		{E1C1A0D7-6EF4-4797-9C65-C75BEB4C0B2C}.Debug|Any CPU.ActiveCfg = Debug|Any CPU
		{E1C1A0D7-6EF4-4797-9C65-C75BEB4C0B2C}.Debug|Any CPU.Build.0 = Debug|Any CPU
		{E1C1A0D7-6EF4-4797-9C65-C75BEB4C0B2C}.Release|Any CPU.ActiveCfg = Release|Any CPU
		{E1C1A0D7-6EF4-4797-9C65-C75BEB4C0B2C}.Release|Any CPU.Build.0 = Release|Any CPU
	EndGlobalSection
	GlobalSection(SolutionProperties) = preSolution
		HideSolutionNode = FALSE
	EndGlobalSection
	GlobalSection(ExtensibilityGlobals) = postSolution
		SolutionGuid = {269D60C3-1D17-4F71-B0D1-014A972858A5}
	EndGlobalSection
EndGlobal
